// !$*UTF8*$!
{
	archiveVersion = 1;
	classes = {
	};
	objectVersion = 77;
	objects = {

/* Begin PBXContainerItemProxy section */
		4DFA92992DA8EA460059B2AD /* PBXContainerItemProxy */ = {
			isa = PBXContainerItemProxy;
			containerPortal = 4DFA927E2DA8EA430059B2AD /* Project object */;
			proxyType = 1;
			remoteGlobalIDString = 4DFA92852DA8EA430059B2AD;
			remoteInfo = shoePrint;
		};
		4DFA92A32DA8EA460059B2AD /* PBXContainerItemProxy */ = {
			isa = PBXContainerItemProxy;
			containerPortal = 4DFA927E2DA8EA430059B2AD /* Project object */;
			proxyType = 1;
			remoteGlobalIDString = 4DFA92852DA8EA430059B2AD;
			remoteInfo = shoePrint;
		};
/* End PBXContainerItemProxy section */

/* Begin PBXFileReference section */
		4DFA92862DA8EA430059B2AD /* shoePrint.app */ = {isa = PBXFileReference; explicitFileType = wrapper.application; includeInIndex = 0; path = shoePrint.app; sourceTree = BUILT_PRODUCTS_DIR; };
		4DFA92982DA8EA460059B2AD /* shoePrintTests.xctest */ = {isa = PBXFileReference; explicitFileType = wrapper.cfbundle; includeInIndex = 0; path = shoePrintTests.xctest; sourceTree = BUILT_PRODUCTS_DIR; };
		4DFA92A22DA8EA460059B2AD /* shoePrintUITests.xctest */ = {isa = PBXFileReference; explicitFileType = wrapper.cfbundle; includeInIndex = 0; path = shoePrintUITests.xctest; sourceTree = BUILT_PRODUCTS_DIR; };
/* End PBXFileReference section */

/* Begin PBXFileSystemSynchronizedBuildFileExceptionSet section */
		4D7388432DB1457C00955C66 /* Exceptions for "shoePrint" folder in "shoePrint" target */ = {
			isa = PBXFileSystemSynchronizedBuildFileExceptionSet;
			membershipExceptions = (
				Models/Item.swift,
				Models/Shoe.swift,
				Models/StepEntry.swift,
				Views/AddAPairView.swift,
				Views/AddEntryView.swift,
				Views/ContentView.swift,
				Views/EditPairView.swift,
				Views/MainView.swift,
				Views/ShoeCardView.swift,
				Views/ShoeGridView.swift,
				Views/ShoeListView.swift,
				Views/ShoeRowView.swift,
			);
			target = 4DFA92852DA8EA430059B2AD /* shoePrint */;
		};
		4D7388442DB1457C00955C66 /* Exceptions for "shoePrint" folder in "shoePrintUITests" target */ = {
			isa = PBXFileSystemSynchronizedBuildFileExceptionSet;
			membershipExceptions = (
				Models/Item.swift,
				Models/Shoe.swift,
				Models/StepEntry.swift,
				Views/AddAPairView.swift,
				Views/AddEntryView.swift,
				Views/ContentView.swift,
				Views/EditPairView.swift,
				Views/MainView.swift,
				Views/ShoeCardView.swift,
				Views/ShoeGridView.swift,
				Views/ShoeListView.swift,
				Views/ShoeRowView.swift,
			);
			target = 4DFA92A12DA8EA460059B2AD /* shoePrintUITests */;
		};
/* End PBXFileSystemSynchronizedBuildFileExceptionSet section */

/* Begin PBXFileSystemSynchronizedRootGroup section */
		4DFA92882DA8EA430059B2AD /* shoePrint */ = {
			isa = PBXFileSystemSynchronizedRootGroup;
			exceptions = (
				4D7388432DB1457C00955C66 /* Exceptions for "shoePrint" folder in "shoePrint" target */,
				4D7388442DB1457C00955C66 /* Exceptions for "shoePrint" folder in "shoePrintUITests" target */,
			);
			path = shoePrint;
			sourceTree = "<group>";
		};
		4DFA929B2DA8EA460059B2AD /* shoePrintTests */ = {
			isa = PBXFileSystemSynchronizedRootGroup;
			path = shoePrintTests;
			sourceTree = "<group>";
		};
		4DFA92A52DA8EA460059B2AD /* shoePrintUITests */ = {
			isa = PBXFileSystemSynchronizedRootGroup;
			path = shoePrintUITests;
			sourceTree = "<group>";
		};
/* End PBXFileSystemSynchronizedRootGroup section */

/* Begin PBXFrameworksBuildPhase section */
		4DFA92832DA8EA430059B2AD /* Frameworks */ = {
			isa = PBXFrameworksBuildPhase;
			buildActionMask = 2147483647;
			files = (
			);
			runOnlyForDeploymentPostprocessing = 0;
		};
		4DFA92952DA8EA460059B2AD /* Frameworks */ = {
			isa = PBXFrameworksBuildPhase;
			buildActionMask = 2147483647;
			files = (
			);
			runOnlyForDeploymentPostprocessing = 0;
		};
		4DFA929F2DA8EA460059B2AD /* Frameworks */ = {
			isa = PBXFrameworksBuildPhase;
			buildActionMask = 2147483647;
			files = (
			);
			runOnlyForDeploymentPostprocessing = 0;
		};
/* End PBXFrameworksBuildPhase section */

/* Begin PBXGroup section */
		4DFA927D2DA8EA430059B2AD = {
			isa = PBXGroup;
			children = (
				4DFA92882DA8EA430059B2AD /* shoePrint */,
				4DFA929B2DA8EA460059B2AD /* shoePrintTests */,
				4DFA92A52DA8EA460059B2AD /* shoePrintUITests */,
				4DFA92872DA8EA430059B2AD /* Products */,
			);
			sourceTree = "<group>";
		};
		4DFA92872DA8EA430059B2AD /* Products */ = {
			isa = PBXGroup;
			children = (
				4DFA92862DA8EA430059B2AD /* shoePrint.app */,
				4DFA92982DA8EA460059B2AD /* shoePrintTests.xctest */,
				4DFA92A22DA8EA460059B2AD /* shoePrintUITests.xctest */,
			);
			name = Products;
			sourceTree = "<group>";
		};
/* End PBXGroup section */

/* Begin PBXNativeTarget section */
		4DFA92852DA8EA430059B2AD /* shoePrint */ = {
			isa = PBXNativeTarget;
			buildConfigurationList = 4DFA92AC2DA8EA460059B2AD /* Build configuration list for PBXNativeTarget "shoePrint" */;
			buildPhases = (
				4DFA92822DA8EA430059B2AD /* Sources */,
				4DFA92832DA8EA430059B2AD /* Frameworks */,
				4DFA92842DA8EA430059B2AD /* Resources */,
			);
			buildRules = (
			);
			dependencies = (
			);
			fileSystemSynchronizedGroups = (
				4DFA92882DA8EA430059B2AD /* shoePrint */,
			);
			name = shoePrint;
			packageProductDependencies = (
			);
			productName = shoePrint;
			productReference = 4DFA92862DA8EA430059B2AD /* shoePrint.app */;
			productType = "com.apple.product-type.application";
		};
		4DFA92972DA8EA460059B2AD /* shoePrintTests */ = {
			isa = PBXNativeTarget;
			buildConfigurationList = 4DFA92AF2DA8EA460059B2AD /* Build configuration list for PBXNativeTarget "shoePrintTests" */;
			buildPhases = (
				4DFA92942DA8EA460059B2AD /* Sources */,
				4DFA92952DA8EA460059B2AD /* Frameworks */,
				4DFA92962DA8EA460059B2AD /* Resources */,
			);
			buildRules = (
			);
			dependencies = (
				4DFA929A2DA8EA460059B2AD /* PBXTargetDependency */,
			);
			fileSystemSynchronizedGroups = (
				4DFA929B2DA8EA460059B2AD /* shoePrintTests */,
			);
			name = shoePrintTests;
			packageProductDependencies = (
			);
			productName = shoePrintTests;
			productReference = 4DFA92982DA8EA460059B2AD /* shoePrintTests.xctest */;
			productType = "com.apple.product-type.bundle.unit-test";
		};
		4DFA92A12DA8EA460059B2AD /* shoePrintUITests */ = {
			isa = PBXNativeTarget;
			buildConfigurationList = 4DFA92B22DA8EA460059B2AD /* Build configuration list for PBXNativeTarget "shoePrintUITests" */;
			buildPhases = (
				4DFA929E2DA8EA460059B2AD /* Sources */,
				4DFA929F2DA8EA460059B2AD /* Frameworks */,
				4DFA92A02DA8EA460059B2AD /* Resources */,
			);
			buildRules = (
			);
			dependencies = (
				4DFA92A42DA8EA460059B2AD /* PBXTargetDependency */,
			);
			fileSystemSynchronizedGroups = (
				4DFA92A52DA8EA460059B2AD /* shoePrintUITests */,
			);
			name = shoePrintUITests;
			packageProductDependencies = (
			);
			productName = shoePrintUITests;
			productReference = 4DFA92A22DA8EA460059B2AD /* shoePrintUITests.xctest */;
			productType = "com.apple.product-type.bundle.ui-testing";
		};
/* End PBXNativeTarget section */

/* Begin PBXProject section */
		4DFA927E2DA8EA430059B2AD /* Project object */ = {
			isa = PBXProject;
			attributes = {
				BuildIndependentTargetsInParallel = 1;
				LastSwiftUpdateCheck = 1610;
				LastUpgradeCheck = 1610;
				TargetAttributes = {
					4DFA92852DA8EA430059B2AD = {
						CreatedOnToolsVersion = 16.1;
					};
					4DFA92972DA8EA460059B2AD = {
						CreatedOnToolsVersion = 16.1;
						TestTargetID = 4DFA92852DA8EA430059B2AD;
					};
					4DFA92A12DA8EA460059B2AD = {
						CreatedOnToolsVersion = 16.1;
						TestTargetID = 4DFA92852DA8EA430059B2AD;
					};
				};
			};
			buildConfigurationList = 4DFA92812DA8EA430059B2AD /* Build configuration list for PBXProject "shoePrint" */;
			developmentRegion = en;
			hasScannedForEncodings = 0;
			knownRegions = (
				en,
				Base,
			);
			mainGroup = 4DFA927D2DA8EA430059B2AD;
			minimizedProjectReferenceProxies = 1;
			preferredProjectObjectVersion = 77;
			productRefGroup = 4DFA92872DA8EA430059B2AD /* Products */;
			projectDirPath = "";
			projectRoot = "";
			targets = (
				4DFA92852DA8EA430059B2AD /* shoePrint */,
				4DFA92972DA8EA460059B2AD /* shoePrintTests */,
				4DFA92A12DA8EA460059B2AD /* shoePrintUITests */,
			);
		};
/* End PBXProject section */

/* Begin PBXResourcesBuildPhase section */
		4DFA92842DA8EA430059B2AD /* Resources */ = {
			isa = PBXResourcesBuildPhase;
			buildActionMask = 2147483647;
			files = (
			);
			runOnlyForDeploymentPostprocessing = 0;
		};
		4DFA92962DA8EA460059B2AD /* Resources */ = {
			isa = PBXResourcesBuildPhase;
			buildActionMask = 2147483647;
			files = (
			);
			runOnlyForDeploymentPostprocessing = 0;
		};
		4DFA92A02DA8EA460059B2AD /* Resources */ = {
			isa = PBXResourcesBuildPhase;
			buildActionMask = 2147483647;
			files = (
			);
			runOnlyForDeploymentPostprocessing = 0;
		};
/* End PBXResourcesBuildPhase section */

/* Begin PBXSourcesBuildPhase section */
		4DFA92822DA8EA430059B2AD /* Sources */ = {
			isa = PBXSourcesBuildPhase;
			buildActionMask = 2147483647;
			files = (
			);
			runOnlyForDeploymentPostprocessing = 0;
		};
		4DFA92942DA8EA460059B2AD /* Sources */ = {
			isa = PBXSourcesBuildPhase;
			buildActionMask = 2147483647;
			files = (
			);
			runOnlyForDeploymentPostprocessing = 0;
		};
		4DFA929E2DA8EA460059B2AD /* Sources */ = {
			isa = PBXSourcesBuildPhase;
			buildActionMask = 2147483647;
			files = (
			);
			runOnlyForDeploymentPostprocessing = 0;
		};
/* End PBXSourcesBuildPhase section */

/* Begin PBXTargetDependency section */
		4DFA929A2DA8EA460059B2AD /* PBXTargetDependency */ = {
			isa = PBXTargetDependency;
			target = 4DFA92852DA8EA430059B2AD /* shoePrint */;
			targetProxy = 4DFA92992DA8EA460059B2AD /* PBXContainerItemProxy */;
		};
		4DFA92A42DA8EA460059B2AD /* PBXTargetDependency */ = {
			isa = PBXTargetDependency;
			target = 4DFA92852DA8EA430059B2AD /* shoePrint */;
			targetProxy = 4DFA92A32DA8EA460059B2AD /* PBXContainerItemProxy */;
		};
/* End PBXTargetDependency section */

/* Begin XCBuildConfiguration section */
		4DFA92AA2DA8EA460059B2AD /* Debug */ = {
			isa = XCBuildConfiguration;
			buildSettings = {
				ALWAYS_SEARCH_USER_PATHS = NO;
				ASSETCATALOG_COMPILER_GENERATE_SWIFT_ASSET_SYMBOL_EXTENSIONS = YES;
				CLANG_ANALYZER_NONNULL = YES;
				CLANG_ANALYZER_NUMBER_OBJECT_CONVERSION = YES_AGGRESSIVE;
				CLANG_CXX_LANGUAGE_STANDARD = "gnu++20";
				CLANG_ENABLE_MODULES = YES;
				CLANG_ENABLE_OBJC_ARC = YES;
				CLANG_ENABLE_OBJC_WEAK = YES;
				CLANG_WARN_BLOCK_CAPTURE_AUTORELEASING = YES;
				CLANG_WARN_BOOL_CONVERSION = YES;
				CLANG_WARN_COMMA = YES;
				CLANG_WARN_CONSTANT_CONVERSION = YES;
				CLANG_WARN_DEPRECATED_OBJC_IMPLEMENTATIONS = YES;
				CLANG_WARN_DIRECT_OBJC_ISA_USAGE = YES_ERROR;
				CLANG_WARN_DOCUMENTATION_COMMENTS = YES;
				CLANG_WARN_EMPTY_BODY = YES;
				CLANG_WARN_ENUM_CONVERSION = YES;
				CLANG_WARN_INFINITE_RECURSION = YES;
				CLANG_WARN_INT_CONVERSION = YES;
				CLANG_WARN_NON_LITERAL_NULL_CONVERSION = YES;
				CLANG_WARN_OBJC_IMPLICIT_RETAIN_SELF = YES;
				CLANG_WARN_OBJC_LITERAL_CONVERSION = YES;
				CLANG_WARN_OBJC_ROOT_CLASS = YES_ERROR;
				CLANG_WARN_QUOTED_INCLUDE_IN_FRAMEWORK_HEADER = YES;
				CLANG_WARN_RANGE_LOOP_ANALYSIS = YES;
				CLANG_WARN_STRICT_PROTOTYPES = YES;
				CLANG_WARN_SUSPICIOUS_MOVE = YES;
				CLANG_WARN_UNGUARDED_AVAILABILITY = YES_AGGRESSIVE;
				CLANG_WARN_UNREACHABLE_CODE = YES;
				CLANG_WARN__DUPLICATE_METHOD_MATCH = YES;
				COPY_PHASE_STRIP = NO;
				DEBUG_INFORMATION_FORMAT = dwarf;
				ENABLE_STRICT_OBJC_MSGSEND = YES;
				ENABLE_TESTABILITY = YES;
				ENABLE_USER_SCRIPT_SANDBOXING = YES;
				GCC_C_LANGUAGE_STANDARD = gnu17;
				GCC_DYNAMIC_NO_PIC = NO;
				GCC_NO_COMMON_BLOCKS = YES;
				GCC_OPTIMIZATION_LEVEL = 0;
				GCC_PREPROCESSOR_DEFINITIONS = (
					"DEBUG=1",
					"$(inherited)",
				);
				GCC_WARN_64_TO_32_BIT_CONVERSION = YES;
				GCC_WARN_ABOUT_RETURN_TYPE = YES_ERROR;
				GCC_WARN_UNDECLARED_SELECTOR = YES;
				GCC_WARN_UNINITIALIZED_AUTOS = YES_AGGRESSIVE;
				GCC_WARN_UNUSED_FUNCTION = YES;
				GCC_WARN_UNUSED_VARIABLE = YES;
				IPHONEOS_DEPLOYMENT_TARGET = 18.1;
				LOCALIZATION_PREFERS_STRING_CATALOGS = YES;
				MTL_ENABLE_DEBUG_INFO = INCLUDE_SOURCE;
				MTL_FAST_MATH = YES;
				ONLY_ACTIVE_ARCH = YES;
				SDKROOT = iphoneos;
				SWIFT_ACTIVE_COMPILATION_CONDITIONS = "DEBUG $(inherited)";
				SWIFT_OPTIMIZATION_LEVEL = "-Onone";
			};
			name = Debug;
		};
		4DFA92AB2DA8EA460059B2AD /* Release */ = {
			isa = XCBuildConfiguration;
			buildSettings = {
				ALWAYS_SEARCH_USER_PATHS = NO;
				ASSETCATALOG_COMPILER_GENERATE_SWIFT_ASSET_SYMBOL_EXTENSIONS = YES;
				CLANG_ANALYZER_NONNULL = YES;
				CLANG_ANALYZER_NUMBER_OBJECT_CONVERSION = YES_AGGRESSIVE;
				CLANG_CXX_LANGUAGE_STANDARD = "gnu++20";
				CLANG_ENABLE_MODULES = YES;
				CLANG_ENABLE_OBJC_ARC = YES;
				CLANG_ENABLE_OBJC_WEAK = YES;
				CLANG_WARN_BLOCK_CAPTURE_AUTORELEASING = YES;
				CLANG_WARN_BOOL_CONVERSION = YES;
				CLANG_WARN_COMMA = YES;
				CLANG_WARN_CONSTANT_CONVERSION = YES;
				CLANG_WARN_DEPRECATED_OBJC_IMPLEMENTATIONS = YES;
				CLANG_WARN_DIRECT_OBJC_ISA_USAGE = YES_ERROR;
				CLANG_WARN_DOCUMENTATION_COMMENTS = YES;
				CLANG_WARN_EMPTY_BODY = YES;
				CLANG_WARN_ENUM_CONVERSION = YES;
				CLANG_WARN_INFINITE_RECURSION = YES;
				CLANG_WARN_INT_CONVERSION = YES;
				CLANG_WARN_NON_LITERAL_NULL_CONVERSION = YES;
				CLANG_WARN_OBJC_IMPLICIT_RETAIN_SELF = YES;
				CLANG_WARN_OBJC_LITERAL_CONVERSION = YES;
				CLANG_WARN_OBJC_ROOT_CLASS = YES_ERROR;
				CLANG_WARN_QUOTED_INCLUDE_IN_FRAMEWORK_HEADER = YES;
				CLANG_WARN_RANGE_LOOP_ANALYSIS = YES;
				CLANG_WARN_STRICT_PROTOTYPES = YES;
				CLANG_WARN_SUSPICIOUS_MOVE = YES;
				CLANG_WARN_UNGUARDED_AVAILABILITY = YES_AGGRESSIVE;
				CLANG_WARN_UNREACHABLE_CODE = YES;
				CLANG_WARN__DUPLICATE_METHOD_MATCH = YES;
				COPY_PHASE_STRIP = NO;
				DEBUG_INFORMATION_FORMAT = "dwarf-with-dsym";
				ENABLE_NS_ASSERTIONS = NO;
				ENABLE_STRICT_OBJC_MSGSEND = YES;
				ENABLE_USER_SCRIPT_SANDBOXING = YES;
				GCC_C_LANGUAGE_STANDARD = gnu17;
				GCC_NO_COMMON_BLOCKS = YES;
				GCC_WARN_64_TO_32_BIT_CONVERSION = YES;
				GCC_WARN_ABOUT_RETURN_TYPE = YES_ERROR;
				GCC_WARN_UNDECLARED_SELECTOR = YES;
				GCC_WARN_UNINITIALIZED_AUTOS = YES_AGGRESSIVE;
				GCC_WARN_UNUSED_FUNCTION = YES;
				GCC_WARN_UNUSED_VARIABLE = YES;
				IPHONEOS_DEPLOYMENT_TARGET = 18.1;
				LOCALIZATION_PREFERS_STRING_CATALOGS = YES;
				MTL_ENABLE_DEBUG_INFO = NO;
				MTL_FAST_MATH = YES;
				SDKROOT = iphoneos;
				SWIFT_COMPILATION_MODE = wholemodule;
				VALIDATE_PRODUCT = YES;
			};
			name = Release;
		};
		4DFA92AD2DA8EA460059B2AD /* Debug */ = {
			isa = XCBuildConfiguration;
			buildSettings = {
				ASSETCATALOG_COMPILER_APPICON_NAME = AppIcon;
				ASSETCATALOG_COMPILER_GLOBAL_ACCENT_COLOR_NAME = AccentColor;
				CODE_SIGN_STYLE = Automatic;
				CURRENT_PROJECT_VERSION = 1;
				DEVELOPMENT_ASSET_PATHS = "\"shoePrint/Preview Content\"";
				DEVELOPMENT_TEAM = S2HMY3482H;
				ENABLE_PREVIEWS = YES;
				GENERATE_INFOPLIST_FILE = YES;
				INFOPLIST_KEY_UIApplicationSceneManifest_Generation = YES;
				INFOPLIST_KEY_UIApplicationSupportsIndirectInputEvents = YES;
				INFOPLIST_KEY_UILaunchScreen_Generation = YES;
				INFOPLIST_KEY_UISupportedInterfaceOrientations_iPad = "UIInterfaceOrientationPortrait UIInterfaceOrientationPortraitUpsideDown UIInterfaceOrientationLandscapeLeft UIInterfaceOrientationLandscapeRight";
				INFOPLIST_KEY_UISupportedInterfaceOrientations_iPhone = "UIInterfaceOrientationPortrait UIInterfaceOrientationLandscapeLeft UIInterfaceOrientationLandscapeRight";
				LD_RUNPATH_SEARCH_PATHS = (
					"$(inherited)",
					"@executable_path/Frameworks",
				);
				MARKETING_VERSION = 1.0;
				PRODUCT_BUNDLE_IDENTIFIER = shoeprint.shoePrint;
				PRODUCT_NAME = "$(TARGET_NAME)";
				SWIFT_EMIT_LOC_STRINGS = YES;
				SWIFT_VERSION = 5.0;
				TARGETED_DEVICE_FAMILY = "1,2";
			};
			name = Debug;
		};
		4DFA92AE2DA8EA460059B2AD /* Release */ = {
			isa = XCBuildConfiguration;
			buildSettings = {
				ASSETCATALOG_COMPILER_APPICON_NAME = AppIcon;
				ASSETCATALOG_COMPILER_GLOBAL_ACCENT_COLOR_NAME = AccentColor;
				CODE_SIGN_STYLE = Automatic;
				CURRENT_PROJECT_VERSION = 1;
				DEVELOPMENT_ASSET_PATHS = "\"shoePrint/Preview Content\"";
				DEVELOPMENT_TEAM = S2HMY3482H;
				ENABLE_PREVIEWS = YES;
				GENERATE_INFOPLIST_FILE = YES;
				INFOPLIST_KEY_UIApplicationSceneManifest_Generation = YES;
				INFOPLIST_KEY_UIApplicationSupportsIndirectInputEvents = YES;
				INFOPLIST_KEY_UILaunchScreen_Generation = YES;
				INFOPLIST_KEY_UISupportedInterfaceOrientations_iPad = "UIInterfaceOrientationPortrait UIInterfaceOrientationPortraitUpsideDown UIInterfaceOrientationLandscapeLeft UIInterfaceOrientationLandscapeRight";
				INFOPLIST_KEY_UISupportedInterfaceOrientations_iPhone = "UIInterfaceOrientationPortrait UIInterfaceOrientationLandscapeLeft UIInterfaceOrientationLandscapeRight";
				LD_RUNPATH_SEARCH_PATHS = (
					"$(inherited)",
					"@executable_path/Frameworks",
				);
				MARKETING_VERSION = 1.0;
				PRODUCT_BUNDLE_IDENTIFIER = shoeprint.shoePrint;
				PRODUCT_NAME = "$(TARGET_NAME)";
				SWIFT_EMIT_LOC_STRINGS = YES;
				SWIFT_VERSION = 5.0;
				TARGETED_DEVICE_FAMILY = "1,2";
			};
			name = Release;
		};
		4DFA92B02DA8EA460059B2AD /* Debug */ = {
			isa = XCBuildConfiguration;
			buildSettings = {
				BUNDLE_LOADER = "$(TEST_HOST)";
				CODE_SIGN_STYLE = Automatic;
				CURRENT_PROJECT_VERSION = 1;
				DEVELOPMENT_TEAM = S2HMY3482H;
				GENERATE_INFOPLIST_FILE = YES;
				IPHONEOS_DEPLOYMENT_TARGET = 18.1;
				MARKETING_VERSION = 1.0;
				PRODUCT_BUNDLE_IDENTIFIER = shoeprint.shoePrintTests;
				PRODUCT_NAME = "$(TARGET_NAME)";
				SWIFT_EMIT_LOC_STRINGS = NO;
				SWIFT_VERSION = 5.0;
				TARGETED_DEVICE_FAMILY = "1,2";
				TEST_HOST = "$(BUILT_PRODUCTS_DIR)/shoePrint.app/$(BUNDLE_EXECUTABLE_FOLDER_PATH)/shoePrint";
			};
			name = Debug;
		};
		4DFA92B12DA8EA460059B2AD /* Release */ = {
			isa = XCBuildConfiguration;
			buildSettings = {
				BUNDLE_LOADER = "$(TEST_HOST)";
				CODE_SIGN_STYLE = Automatic;
				CURRENT_PROJECT_VERSION = 1;
				DEVELOPMENT_TEAM = S2HMY3482H;
				GENERATE_INFOPLIST_FILE = YES;
				IPHONEOS_DEPLOYMENT_TARGET = 18.1;
				MARKETING_VERSION = 1.0;
				PRODUCT_BUNDLE_IDENTIFIER = shoeprint.shoePrintTests;
				PRODUCT_NAME = "$(TARGET_NAME)";
				SWIFT_EMIT_LOC_STRINGS = NO;
				SWIFT_VERSION = 5.0;
				TARGETED_DEVICE_FAMILY = "1,2";
				TEST_HOST = "$(BUILT_PRODUCTS_DIR)/shoePrint.app/$(BUNDLE_EXECUTABLE_FOLDER_PATH)/shoePrint";
			};
			name = Release;
		};
		4DFA92B32DA8EA460059B2AD /* Debug */ = {
			isa = XCBuildConfiguration;
			buildSettings = {
				CODE_SIGN_STYLE = Automatic;
				CURRENT_PROJECT_VERSION = 1;
				DEVELOPMENT_TEAM = S2HMY3482H;
				GENERATE_INFOPLIST_FILE = YES;
				MARKETING_VERSION = 1.0;
				PRODUCT_BUNDLE_IDENTIFIER = shoeprint.shoePrintUITests;
				PRODUCT_NAME = "$(TARGET_NAME)";
				SWIFT_EMIT_LOC_STRINGS = NO;
				SWIFT_VERSION = 5.0;
				TARGETED_DEVICE_FAMILY = "1,2";
				TEST_TARGET_NAME = shoePrint;
			};
			name = Debug;
		};
		4DFA92B42DA8EA460059B2AD /* Release */ = {
			isa = XCBuildConfiguration;
			buildSettings = {
				CODE_SIGN_STYLE = Automatic;
				CURRENT_PROJECT_VERSION = 1;
				DEVELOPMENT_TEAM = S2HMY3482H;
				GENERATE_INFOPLIST_FILE = YES;
				MARKETING_VERSION = 1.0;
				PRODUCT_BUNDLE_IDENTIFIER = shoeprint.shoePrintUITests;
				PRODUCT_NAME = "$(TARGET_NAME)";
				SWIFT_EMIT_LOC_STRINGS = NO;
				SWIFT_VERSION = 5.0;
				TARGETED_DEVICE_FAMILY = "1,2";
				TEST_TARGET_NAME = shoePrint;
			};
			name = Release;
		};
/* End XCBuildConfiguration section */

/* Begin XCConfigurationList section */
		4DFA92812DA8EA430059B2AD /* Build configuration list for PBXProject "shoePrint" */ = {
			isa = XCConfigurationList;
			buildConfigurations = (
				4DFA92AA2DA8EA460059B2AD /* Debug */,
				4DFA92AB2DA8EA460059B2AD /* Release */,
			);
			defaultConfigurationIsVisible = 0;
			defaultConfigurationName = Release;
		};
		4DFA92AC2DA8EA460059B2AD /* Build configuration list for PBXNativeTarget "shoePrint" */ = {
			isa = XCConfigurationList;
			buildConfigurations = (
				4DFA92AD2DA8EA460059B2AD /* Debug */,
				4DFA92AE2DA8EA460059B2AD /* Release */,
			);
			defaultConfigurationIsVisible = 0;
			defaultConfigurationName = Release;
		};
		4DFA92AF2DA8EA460059B2AD /* Build configuration list for PBXNativeTarget "shoePrintTests" */ = {
			isa = XCConfigurationList;
			buildConfigurations = (
				4DFA92B02DA8EA460059B2AD /* Debug */,
				4DFA92B12DA8EA460059B2AD /* Release */,
			);
			defaultConfigurationIsVisible = 0;
			defaultConfigurationName = Release;
		};
		4DFA92B22DA8EA460059B2AD /* Build configuration list for PBXNativeTarget "shoePrintUITests" */ = {
			isa = XCConfigurationList;
			buildConfigurations = (
				4DFA92B32DA8EA460059B2AD /* Debug */,
				4DFA92B42DA8EA460059B2AD /* Release */,
			);
			defaultConfigurationIsVisible = 0;
			defaultConfigurationName = Release;
		};
/* End XCConfigurationList section */
	};
	rootObject = 4DFA927E2DA8EA430059B2AD /* Project object */;
}
